
Microsoft Visual Studio Solution File, Format Version 12.00
# Visual Studio Version 17
VisualStudioVersion = 17.0.31903.59
MinimumVisualStudioVersion = 10.0.40219.1
Project("{FAE04EC0-301F-11D3-BF4B-00C04F79EFBC}") = "AdventOfCode", "AdventOfCode\AdventOfCode.csproj", "{AB097B86-7CBA-4D70-9CC0-976EC6E8A278}"
EndProject
Project("{FAE04EC0-301F-11D3-BF4B-00C04F79EFBC}") = "AdventOfCode.Tests", "AdventOfCode.Tests\AdventOfCode.Tests.csproj", "{6FBF36A5-F66B-4FFF-BC3F-27BC2A52E1BE}"
EndProject
Global
	GlobalSection(SolutionConfigurationPlatforms) = preSolution
		Debug|Any CPU = Debug|Any CPU
		Release|Any CPU = Release|Any CPU
	EndGlobalSection
	GlobalSection(SolutionProperties) = preSolution
		HideSolutionNode = FALSE
	EndGlobalSection
	GlobalSection(ProjectConfigurationPlatforms) = postSolution
		{AB097B86-7CBA-4D70-9CC0-976EC6E8A278}.Debug|Any CPU.ActiveCfg = Debug|Any CPU
		{AB097B86-7CBA-4D70-9CC0-976EC6E8A278}.Debug|Any CPU.Build.0 = Debug|Any CPU
		{AB097B86-7CBA-4D70-9CC0-976EC6E8A278}.Release|Any CPU.ActiveCfg = Release|Any CPU
		{AB097B86-7CBA-4D70-9CC0-976EC6E8A278}.Release|Any CPU.Build.0 = Release|Any CPU
		{6FBF36A5-F66B-4FFF-BC3F-27BC2A52E1BE}.Debug|Any CPU.ActiveCfg = Debug|Any CPU
		{6FBF36A5-F66B-4FFF-BC3F-27BC2A52E1BE}.Debug|Any CPU.Build.0 = Debug|Any CPU
		{6FBF36A5-F66B-4FFF-BC3F-27BC2A52E1BE}.Release|Any CPU.ActiveCfg = Release|Any CPU
		{6FBF36A5-F66B-4FFF-BC3F-27BC2A52E1BE}.Release|Any CPU.Build.0 = Release|Any CPU
	EndGlobalSection
EndGlobal
